// !$*UTF8*$!
{
	archiveVersion = 1;
	classes = {
	};
	objectVersion = 56;
	objects = {

/* Begin PBXBuildFile section */
		A3ADAB0F2B21D8A900587AD9 /* FoodAPIApp.swift in Sources */ = {isa = PBXBuildFile; fileRef = A3ADAB0E2B21D8A900587AD9 /* FoodAPIApp.swift */; };
		A3ADAB112B21D8A900587AD9 /* ContentView.swift in Sources */ = {isa = PBXBuildFile; fileRef = A3ADAB102B21D8A900587AD9 /* ContentView.swift */; };
		A3ADAB132B21D8AE00587AD9 /* Assets.xcassets in Resources */ = {isa = PBXBuildFile; fileRef = A3ADAB122B21D8AE00587AD9 /* Assets.xcassets */; };
		A3ADAB162B21D8AE00587AD9 /* Preview Assets.xcassets in Resources */ = {isa = PBXBuildFile; fileRef = A3ADAB152B21D8AE00587AD9 /* Preview Assets.xcassets */; };
		A3ADAB1F2B21DB8F00587AD9 /* DataService.swift in Sources */ = {isa = PBXBuildFile; fileRef = A3ADAB1E2B21DB8F00587AD9 /* DataService.swift */; };
		A3ADAB222B21EC1900587AD9 /* Search.swift in Sources */ = {isa = PBXBuildFile; fileRef = A3ADAB212B21EC1900587AD9 /* Search.swift */; };
		A3ADAB242B21F05800587AD9 /* Food.swift in Sources */ = {isa = PBXBuildFile; fileRef = A3ADAB232B21F05800587AD9 /* Food.swift */; };
/* End PBXBuildFile section */

/* Begin PBXFileReference section */
		A3ADAB0B2B21D8A900587AD9 /* FoodAPI.app */ = {isa = PBXFileReference; explicitFileType = wrapper.application; includeInIndex = 0; path = FoodAPI.app; sourceTree = BUILT_PRODUCTS_DIR; };
		A3ADAB0E2B21D8A900587AD9 /* FoodAPIApp.swift */ = {isa = PBXFileReference; lastKnownFileType = sourcecode.swift; path = FoodAPIApp.swift; sourceTree = "<group>"; };
		A3ADAB102B21D8A900587AD9 /* ContentView.swift */ = {isa = PBXFileReference; lastKnownFileType = sourcecode.swift; path = ContentView.swift; sourceTree = "<group>"; };
		A3ADAB122B21D8AE00587AD9 /* Assets.xcassets */ = {isa = PBXFileReference; lastKnownFileType = folder.assetcatalog; path = Assets.xcassets; sourceTree = "<group>"; };
		A3ADAB152B21D8AE00587AD9 /* Preview Assets.xcassets */ = {isa = PBXFileReference; lastKnownFileType = folder.assetcatalog; path = "Preview Assets.xcassets"; sourceTree = "<group>"; };
		A3ADAB1C2B21D8F100587AD9 /* Config.xcconfig */ = {isa = PBXFileReference; lastKnownFileType = text.xcconfig; path = Config.xcconfig; sourceTree = "<group>"; };
		A3ADAB1D2B21D91C00587AD9 /* Info.plist */ = {isa = PBXFileReference; lastKnownFileType = text.plist; path = Info.plist; sourceTree = "<group>"; };
		A3ADAB1E2B21DB8F00587AD9 /* DataService.swift */ = {isa = PBXFileReference; lastKnownFileType = sourcecode.swift; path = DataService.swift; sourceTree = "<group>"; };
		A3ADAB212B21EC1900587AD9 /* Search.swift */ = {isa = PBXFileReference; lastKnownFileType = sourcecode.swift; path = Search.swift; sourceTree = "<group>"; };
		A3ADAB232B21F05800587AD9 /* Food.swift */ = {isa = PBXFileReference; lastKnownFileType = sourcecode.swift; path = Food.swift; sourceTree = "<group>"; };
/* End PBXFileReference section */

/* Begin PBXFrameworksBuildPhase section */
		A3ADAB082B21D8A900587AD9 /* Frameworks */ = {
			isa = PBXFrameworksBuildPhase;
			buildActionMask = 2147483647;
			files = (
			);
			runOnlyForDeploymentPostprocessing = 0;
		};
/* End PBXFrameworksBuildPhase section */

/* Begin PBXGroup section */
		A3ADAB022B21D8A900587AD9 = {
			isa = PBXGroup;
			children = (
				A3ADAB0D2B21D8A900587AD9 /* FoodAPI */,
				A3ADAB0C2B21D8A900587AD9 /* Products */,
			);
			sourceTree = "<group>";
		};
		A3ADAB0C2B21D8A900587AD9 /* Products */ = {
			isa = PBXGroup;
			children = (
				A3ADAB0B2B21D8A900587AD9 /* FoodAPI.app */,
			);
			name = Products;
			sourceTree = "<group>";
		};
		A3ADAB0D2B21D8A900587AD9 /* FoodAPI */ = {
			isa = PBXGroup;
			children = (
				A3ADAB1C2B21D8F100587AD9 /* Config.xcconfig */,
				A3ADAB1D2B21D91C00587AD9 /* Info.plist */,
				A3ADAB0E2B21D8A900587AD9 /* FoodAPIApp.swift */,
				A3ADAB202B21EBE900587AD9 /* Model */,
				A3ADAB262B21F5C800587AD9 /* ViewModel */,
				A3ADAB252B21F5B800587AD9 /* View */,
				A3ADAB122B21D8AE00587AD9 /* Assets.xcassets */,
				A3ADAB142B21D8AE00587AD9 /* Preview Content */,
			);
			path = FoodAPI;
			sourceTree = "<group>";
		};
		A3ADAB142B21D8AE00587AD9 /* Preview Content */ = {
			isa = PBXGroup;
			children = (
				A3ADAB152B21D8AE00587AD9 /* Preview Assets.xcassets */,
			);
			path = "Preview Content";
			sourceTree = "<group>";
		};
		A3ADAB202B21EBE900587AD9 /* Model */ = {
			isa = PBXGroup;
			children = (
				A3ADAB212B21EC1900587AD9 /* Search.swift */,
				A3ADAB232B21F05800587AD9 /* Food.swift */,
			);
			path = Model;
			sourceTree = "<group>";
		};
		A3ADAB252B21F5B800587AD9 /* View */ = {
			isa = PBXGroup;
			children = (
				A3ADAB102B21D8A900587AD9 /* ContentView.swift */,
			);
			path = View;
			sourceTree = "<group>";
		};
		A3ADAB262B21F5C800587AD9 /* ViewModel */ = {
			isa = PBXGroup;
			children = (
				A3ADAB1E2B21DB8F00587AD9 /* DataService.swift */,
			);
			path = ViewModel;
			sourceTree = "<group>";
		};
/* End PBXGroup section */

/* Begin PBXNativeTarget section */
		A3ADAB0A2B21D8A900587AD9 /* FoodAPI */ = {
			isa = PBXNativeTarget;
			buildConfigurationList = A3ADAB192B21D8AE00587AD9 /* Build configuration list for PBXNativeTarget "FoodAPI" */;
			buildPhases = (
				A3ADAB072B21D8A900587AD9 /* Sources */,
				A3ADAB082B21D8A900587AD9 /* Frameworks */,
				A3ADAB092B21D8A900587AD9 /* Resources */,
			);
			buildRules = (
			);
			dependencies = (
			);
			name = FoodAPI;
			productName = FoodAPI;
			productReference = A3ADAB0B2B21D8A900587AD9 /* FoodAPI.app */;
			productType = "com.apple.product-type.application";
		};
/* End PBXNativeTarget section */

/* Begin PBXProject section */
		A3ADAB032B21D8A900587AD9 /* Project object */ = {
			isa = PBXProject;
			attributes = {
				BuildIndependentTargetsInParallel = 1;
				LastSwiftUpdateCheck = 1500;
				LastUpgradeCheck = 1500;
				TargetAttributes = {
					A3ADAB0A2B21D8A900587AD9 = {
						CreatedOnToolsVersion = 15.0.1;
					};
				};
			};
			buildConfigurationList = A3ADAB062B21D8A900587AD9 /* Build configuration list for PBXProject "FoodAPI" */;
			compatibilityVersion = "Xcode 14.0";
			developmentRegion = en;
			hasScannedForEncodings = 0;
			knownRegions = (
				en,
				Base,
			);
			mainGroup = A3ADAB022B21D8A900587AD9;
			productRefGroup = A3ADAB0C2B21D8A900587AD9 /* Products */;
			projectDirPath = "";
			projectRoot = "";
			targets = (
				A3ADAB0A2B21D8A900587AD9 /* FoodAPI */,
			);
		};
/* End PBXProject section */

/* Begin PBXResourcesBuildPhase section */
		A3ADAB092B21D8A900587AD9 /* Resources */ = {
			isa = PBXResourcesBuildPhase;
			buildActionMask = 2147483647;
			files = (
				A3ADAB162B21D8AE00587AD9 /* Preview Assets.xcassets in Resources */,
				A3ADAB132B21D8AE00587AD9 /* Assets.xcassets in Resources */,
			);
			runOnlyForDeploymentPostprocessing = 0;
		};
/* End PBXResourcesBuildPhase section */

/* Begin PBXSourcesBuildPhase section */
		A3ADAB072B21D8A900587AD9 /* Sources */ = {
			isa = PBXSourcesBuildPhase;
			buildActionMask = 2147483647;
			files = (
				A3ADAB1F2B21DB8F00587AD9 /* DataService.swift in Sources */,
				A3ADAB222B21EC1900587AD9 /* Search.swift in Sources */,
				A3ADAB242B21F05800587AD9 /* Food.swift in Sources */,
				A3ADAB112B21D8A900587AD9 /* ContentView.swift in Sources */,
				A3ADAB0F2B21D8A900587AD9 /* FoodAPIApp.swift in Sources */,
			);
			runOnlyForDeploymentPostprocessing = 0;
		};
/* End PBXSourcesBuildPhase section */

/* Begin XCBuildConfiguration section */
		A3ADAB172B21D8AE00587AD9 /* Debug */ = {
			isa = XCBuildConfiguration;
			baseConfigurationReference = A3ADAB1C2B21D8F100587AD9 /* Config.xcconfig */;
			buildSettings = {
				ALWAYS_SEARCH_USER_PATHS = NO;
				ASSETCATALOG_COMPILER_GENERATE_SWIFT_ASSET_SYMBOL_EXTENSIONS = YES;
				CLANG_ANALYZER_NONNULL = YES;
				CLANG_ANALYZER_NUMBER_OBJECT_CONVERSION = YES_AGGRESSIVE;
				CLANG_CXX_LANGUAGE_STANDARD = "gnu++20";
				CLANG_ENABLE_MODULES = YES;
				CLANG_ENABLE_OBJC_ARC = YES;
				CLANG_ENABLE_OBJC_WEAK = YES;
				CLANG_WARN_BLOCK_CAPTURE_AUTORELEASING = YES;
				CLANG_WARN_BOOL_CONVERSION = YES;
				CLANG_WARN_COMMA = YES;
				CLANG_WARN_CONSTANT_CONVERSION = YES;
				CLANG_WARN_DEPRECATED_OBJC_IMPLEMENTATIONS = YES;
				CLANG_WARN_DIRECT_OBJC_ISA_USAGE = YES_ERROR;
				CLANG_WARN_DOCUMENTATION_COMMENTS = YES;
				CLANG_WARN_EMPTY_BODY = YES;
				CLANG_WARN_ENUM_CONVERSION = YES;
				CLANG_WARN_INFINITE_RECURSION = YES;
				CLANG_WARN_INT_CONVERSION = YES;
				CLANG_WARN_NON_LITERAL_NULL_CONVERSION = YES;
				CLANG_WARN_OBJC_IMPLICIT_RETAIN_SELF = YES;
				CLANG_WARN_OBJC_LITERAL_CONVERSION = YES;
				CLANG_WARN_OBJC_ROOT_CLASS = YES_ERROR;
				CLANG_WARN_QUOTED_INCLUDE_IN_FRAMEWORK_HEADER = YES;
				CLANG_WARN_RANGE_LOOP_ANALYSIS = YES;
				CLANG_WARN_STRICT_PROTOTYPES = YES;
				CLANG_WARN_SUSPICIOUS_MOVE = YES;
				CLANG_WARN_UNGUARDED_AVAILABILITY = YES_AGGRESSIVE;
				CLANG_WARN_UNREACHABLE_CODE = YES;
				CLANG_WARN__DUPLICATE_METHOD_MATCH = YES;
				COPY_PHASE_STRIP = NO;
				DEBUG_INFORMATION_FORMAT = dwarf;
				ENABLE_STRICT_OBJC_MSGSEND = YES;
				ENABLE_TESTABILITY = YES;
				ENABLE_USER_SCRIPT_SANDBOXING = YES;
				GCC_C_LANGUAGE_STANDARD = gnu17;
				GCC_DYNAMIC_NO_PIC = NO;
				GCC_NO_COMMON_BLOCKS = YES;
				GCC_OPTIMIZATION_LEVEL = 0;
				GCC_PREPROCESSOR_DEFINITIONS = (
					"DEBUG=1",
					"$(inherited)",
				);
				GCC_WARN_64_TO_32_BIT_CONVERSION = YES;
				GCC_WARN_ABOUT_RETURN_TYPE = YES_ERROR;
				GCC_WARN_UNDECLARED_SELECTOR = YES;
				GCC_WARN_UNINITIALIZED_AUTOS = YES_AGGRESSIVE;
				GCC_WARN_UNUSED_FUNCTION = YES;
				GCC_WARN_UNUSED_VARIABLE = YES;
				IPHONEOS_DEPLOYMENT_TARGET = 17.0;
				LOCALIZATION_PREFERS_STRING_CATALOGS = YES;
				MTL_ENABLE_DEBUG_INFO = INCLUDE_SOURCE;
				MTL_FAST_MATH = YES;
				ONLY_ACTIVE_ARCH = YES;
				SDKROOT = iphoneos;
				SWIFT_ACTIVE_COMPILATION_CONDITIONS = "DEBUG $(inherited)";
				SWIFT_OPTIMIZATION_LEVEL = "-Onone";
			};
			name = Debug;
		};
		A3ADAB182B21D8AE00587AD9 /* Release */ = {
			isa = XCBuildConfiguration;
			baseConfigurationReference = A3ADAB1C2B21D8F100587AD9 /* Config.xcconfig */;
			buildSettings = {
				ALWAYS_SEARCH_USER_PATHS = NO;
				ASSETCATALOG_COMPILER_GENERATE_SWIFT_ASSET_SYMBOL_EXTENSIONS = YES;
				CLANG_ANALYZER_NONNULL = YES;
				CLANG_ANALYZER_NUMBER_OBJECT_CONVERSION = YES_AGGRESSIVE;
				CLANG_CXX_LANGUAGE_STANDARD = "gnu++20";
				CLANG_ENABLE_MODULES = YES;
				CLANG_ENABLE_OBJC_ARC = YES;
				CLANG_ENABLE_OBJC_WEAK = YES;
				CLANG_WARN_BLOCK_CAPTURE_AUTORELEASING = YES;
				CLANG_WARN_BOOL_CONVERSION = YES;
				CLANG_WARN_COMMA = YES;
				CLANG_WARN_CONSTANT_CONVERSION = YES;
				CLANG_WARN_DEPRECATED_OBJC_IMPLEMENTATIONS = YES;
				CLANG_WARN_DIRECT_OBJC_ISA_USAGE = YES_ERROR;
				CLANG_WARN_DOCUMENTATION_COMMENTS = YES;
				CLANG_WARN_EMPTY_BODY = YES;
				CLANG_WARN_ENUM_CONVERSION = YES;
				CLANG_WARN_INFINITE_RECURSION = YES;
				CLANG_WARN_INT_CONVERSION = YES;
				CLANG_WARN_NON_LITERAL_NULL_CONVERSION = YES;
				CLANG_WARN_OBJC_IMPLICIT_RETAIN_SELF = YES;
				CLANG_WARN_OBJC_LITERAL_CONVERSION = YES;
				CLANG_WARN_OBJC_ROOT_CLASS = YES_ERROR;
				CLANG_WARN_QUOTED_INCLUDE_IN_FRAMEWORK_HEADER = YES;
				CLANG_WARN_RANGE_LOOP_ANALYSIS = YES;
				CLANG_WARN_STRICT_PROTOTYPES = YES;
				CLANG_WARN_SUSPICIOUS_MOVE = YES;
				CLANG_WARN_UNGUARDED_AVAILABILITY = YES_AGGRESSIVE;
				CLANG_WARN_UNREACHABLE_CODE = YES;
				CLANG_WARN__DUPLICATE_METHOD_MATCH = YES;
				COPY_PHASE_STRIP = NO;
				DEBUG_INFORMATION_FORMAT = "dwarf-with-dsym";
				ENABLE_NS_ASSERTIONS = NO;
				ENABLE_STRICT_OBJC_MSGSEND = YES;
				ENABLE_USER_SCRIPT_SANDBOXING = YES;
				GCC_C_LANGUAGE_STANDARD = gnu17;
				GCC_NO_COMMON_BLOCKS = YES;
				GCC_WARN_64_TO_32_BIT_CONVERSION = YES;
				GCC_WARN_ABOUT_RETURN_TYPE = YES_ERROR;
				GCC_WARN_UNDECLARED_SELECTOR = YES;
				GCC_WARN_UNINITIALIZED_AUTOS = YES_AGGRESSIVE;
				GCC_WARN_UNUSED_FUNCTION = YES;
				GCC_WARN_UNUSED_VARIABLE = YES;
				IPHONEOS_DEPLOYMENT_TARGET = 17.0;
				LOCALIZATION_PREFERS_STRING_CATALOGS = YES;
				MTL_ENABLE_DEBUG_INFO = NO;
				MTL_FAST_MATH = YES;
				SDKROOT = iphoneos;
				SWIFT_COMPILATION_MODE = wholemodule;
				VALIDATE_PRODUCT = YES;
			};
			name = Release;
		};
		A3ADAB1A2B21D8AE00587AD9 /* Debug */ = {
			isa = XCBuildConfiguration;
			buildSettings = {
				ASSETCATALOG_COMPILER_APPICON_NAME = AppIcon;
				ASSETCATALOG_COMPILER_GLOBAL_ACCENT_COLOR_NAME = AccentColor;
				CODE_SIGN_STYLE = Automatic;
				CURRENT_PROJECT_VERSION = 1;
				DEVELOPMENT_ASSET_PATHS = "\"FoodAPI/Preview Content\"";
				DEVELOPMENT_TEAM = 33KG33NLFD;
				ENABLE_PREVIEWS = YES;
				GENERATE_INFOPLIST_FILE = YES;
				INFOPLIST_FILE = FoodAPI/Info.plist;
				INFOPLIST_KEY_UIApplicationSceneManifest_Generation = YES;
				INFOPLIST_KEY_UIApplicationSupportsIndirectInputEvents = YES;
				INFOPLIST_KEY_UILaunchScreen_Generation = YES;
				INFOPLIST_KEY_UISupportedInterfaceOrientations_iPad = "UIInterfaceOrientationPortrait UIInterfaceOrientationPortraitUpsideDown UIInterfaceOrientationLandscapeLeft UIInterfaceOrientationLandscapeRight";
				INFOPLIST_KEY_UISupportedInterfaceOrientations_iPhone = "UIInterfaceOrientationPortrait UIInterfaceOrientationLandscapeLeft UIInterfaceOrientationLandscapeRight";
				LD_RUNPATH_SEARCH_PATHS = (
					"$(inherited)",
					"@executable_path/Frameworks",
				);
				MARKETING_VERSION = 1.0;
				PRODUCT_BUNDLE_IDENTIFIER = com.tayamirai.FoodAPI;
				PRODUCT_NAME = "$(TARGET_NAME)";
				SWIFT_EMIT_LOC_STRINGS = YES;
				SWIFT_VERSION = 5.0;
				TARGETED_DEVICE_FAMILY = "1,2";
			};
			name = Debug;
		};
		A3ADAB1B2B21D8AE00587AD9 /* Release */ = {
			isa = XCBuildConfiguration;
			buildSettings = {
				ASSETCATALOG_COMPILER_APPICON_NAME = AppIcon;
				ASSETCATALOG_COMPILER_GLOBAL_ACCENT_COLOR_NAME = AccentColor;
				CODE_SIGN_STYLE = Automatic;
				CURRENT_PROJECT_VERSION = 1;
				DEVELOPMENT_ASSET_PATHS = "\"FoodAPI/Preview Content\"";
				DEVELOPMENT_TEAM = 33KG33NLFD;
				ENABLE_PREVIEWS = YES;
				GENERATE_INFOPLIST_FILE = YES;
				INFOPLIST_FILE = FoodAPI/Info.plist;
				INFOPLIST_KEY_UIApplicationSceneManifest_Generation = YES;
				INFOPLIST_KEY_UIApplicationSupportsIndirectInputEvents = YES;
				INFOPLIST_KEY_UILaunchScreen_Generation = YES;
				INFOPLIST_KEY_UISupportedInterfaceOrientations_iPad = "UIInterfaceOrientationPortrait UIInterfaceOrientationPortraitUpsideDown UIInterfaceOrientationLandscapeLeft UIInterfaceOrientationLandscapeRight";
				INFOPLIST_KEY_UISupportedInterfaceOrientations_iPhone = "UIInterfaceOrientationPortrait UIInterfaceOrientationLandscapeLeft UIInterfaceOrientationLandscapeRight";
				LD_RUNPATH_SEARCH_PATHS = (
					"$(inherited)",
					"@executable_path/Frameworks",
				);
				MARKETING_VERSION = 1.0;
				PRODUCT_BUNDLE_IDENTIFIER = com.tayamirai.FoodAPI;
				PRODUCT_NAME = "$(TARGET_NAME)";
				SWIFT_EMIT_LOC_STRINGS = YES;
				SWIFT_VERSION = 5.0;
				TARGETED_DEVICE_FAMILY = "1,2";
			};
			name = Release;
		};
/* End XCBuildConfiguration section */

/* Begin XCConfigurationList section */
		A3ADAB062B21D8A900587AD9 /* Build configuration list for PBXProject "FoodAPI" */ = {
			isa = XCConfigurationList;
			buildConfigurations = (
				A3ADAB172B21D8AE00587AD9 /* Debug */,
				A3ADAB182B21D8AE00587AD9 /* Release */,
			);
			defaultConfigurationIsVisible = 0;
			defaultConfigurationName = Release;
		};
		A3ADAB192B21D8AE00587AD9 /* Build configuration list for PBXNativeTarget "FoodAPI" */ = {
			isa = XCConfigurationList;
			buildConfigurations = (
				A3ADAB1A2B21D8AE00587AD9 /* Debug */,
				A3ADAB1B2B21D8AE00587AD9 /* Release */,
			);
			defaultConfigurationIsVisible = 0;
			defaultConfigurationName = Release;
		};
/* End XCConfigurationList section */
	};
	rootObject = A3ADAB032B21D8A900587AD9 /* Project object */;
}
